
Microsoft Visual Studio Solution File, Format Version 12.00
# Visual Studio 14
VisualStudioVersion = 14.0.25123.0
MinimumVisualStudioVersion = 10.0.40219.1
Project("{FAE04EC0-301F-11D3-BF4B-00C04F79EFBC}") = "UnityExample", "UnityExample\UnityExample.csproj", "{CC250766-9E47-419A-BCCC-ECE5AA4B7F7B}"
EndProject
Global
	GlobalSection(SolutionConfigurationPlatforms) = preSolution
		Debug|Any CPU = Debug|Any CPU
		Release|Any CPU = Release|Any CPU
	EndGlobalSection
	GlobalSection(ProjectConfigurationPlatforms) = postSolution
		{CC250766-9E47-419A-BCCC-ECE5AA4B7F7B}.Debug|Any CPU.ActiveCfg = Debug|Any CPU
		{CC250766-9E47-419A-BCCC-ECE5AA4B7F7B}.Debug|Any CPU.Build.0 = Debug|Any CPU
		{CC250766-9E47-419A-BCCC-ECE5AA4B7F7B}.Release|Any CPU.ActiveCfg = Release|Any CPU
		{CC250766-9E47-419A-BCCC-ECE5AA4B7F7B}.Release|Any CPU.Build.0 = Release|Any CPU
	EndGlobalSection
	GlobalSection(SolutionProperties) = preSolution
		HideSolutionNode = FALSE
	EndGlobalSection
EndGlobal
